
Microsoft Visual Studio Solution File, Format Version 11.00
# Visual Studio 2010
Project("{FAE04EC0-301F-11D3-BF4B-00C04F79EFBC}") = "GenerateGhost", "GenerateGhost\GenerateGhost.csproj", "{592DE862-1ADF-4897-AE61-9F7AE5EDAE01}"
EndProject
Global
	GlobalSection(SolutionConfigurationPlatforms) = preSolution
		Debug|x86 = Debug|x86
		Release|x86 = Release|x86
	EndGlobalSection
	GlobalSection(ProjectConfigurationPlatforms) = postSolution
		{592DE862-1ADF-4897-AE61-9F7AE5EDAE01}.Debug|x86.ActiveCfg = Debug|x86
		{592DE862-1ADF-4897-AE61-9F7AE5EDAE01}.Debug|x86.Build.0 = Debug|x86
		{592DE862-1ADF-4897-AE61-9F7AE5EDAE01}.Release|x86.ActiveCfg = Release|x86
		{592DE862-1ADF-4897-AE61-9F7AE5EDAE01}.Release|x86.Build.0 = Release|x86
	EndGlobalSection
	GlobalSection(SolutionProperties) = preSolution
		HideSolutionNode = FALSE
	EndGlobalSection
EndGlobal
